
Microsoft Visual Studio Solution File, Format Version 12.00
# Visual Studio Version 17
VisualStudioVersion = 17.7.34031.279
MinimumVisualStudioVersion = 10.0.40219.1
Project("{FAE04EC0-301F-11D3-BF4B-00C04F79EFBC}") = "PizzaJeoPhaseEndProject", "PizzaJeoPhaseEndProject\PizzaJeoPhaseEndProject.csproj", "{C9D94EC6-50B7-4635-989B-720CBF852B1F}"
EndProject
Project("{FAE04EC0-301F-11D3-BF4B-00C04F79EFBC}") = "NUnitProject", "NUnitProject\NUnitProject.csproj", "{CC4ECAD2-F508-4FD2-BA3A-64398E8072BD}"
EndProject
Global
	GlobalSection(SolutionConfigurationPlatforms) = preSolution
		Debug|Any CPU = Debug|Any CPU
		Release|Any CPU = Release|Any CPU
	EndGlobalSection
	GlobalSection(ProjectConfigurationPlatforms) = postSolution
		{C9D94EC6-50B7-4635-989B-720CBF852B1F}.Debug|Any CPU.ActiveCfg = Debug|Any CPU
		{C9D94EC6-50B7-4635-989B-720CBF852B1F}.Debug|Any CPU.Build.0 = Debug|Any CPU
		{C9D94EC6-50B7-4635-989B-720CBF852B1F}.Release|Any CPU.ActiveCfg = Release|Any CPU
		{C9D94EC6-50B7-4635-989B-720CBF852B1F}.Release|Any CPU.Build.0 = Release|Any CPU
		{CC4ECAD2-F508-4FD2-BA3A-64398E8072BD}.Debug|Any CPU.ActiveCfg = Debug|Any CPU
		{CC4ECAD2-F508-4FD2-BA3A-64398E8072BD}.Debug|Any CPU.Build.0 = Debug|Any CPU
		{CC4ECAD2-F508-4FD2-BA3A-64398E8072BD}.Release|Any CPU.ActiveCfg = Release|Any CPU
		{CC4ECAD2-F508-4FD2-BA3A-64398E8072BD}.Release|Any CPU.Build.0 = Release|Any CPU
	EndGlobalSection
	GlobalSection(SolutionProperties) = preSolution
		HideSolutionNode = FALSE
	EndGlobalSection
	GlobalSection(ExtensibilityGlobals) = postSolution
		SolutionGuid = {C6ADE8DF-4960-40D1-A836-0A425ADBD072}
	EndGlobalSection
EndGlobal
